
Microsoft Visual Studio Solution File, Format Version 12.00
# Visual Studio Version 16
VisualStudioVersion = 16.0.31729.503
MinimumVisualStudioVersion = 10.0.40219.1
Project("{FAE04EC0-301F-11D3-BF4B-00C04F79EFBC}") = "AddressBookSystem4", "AddressBookSystem4.csproj", "{0195CBD7-84A4-4081-8B1D-15F9C5C5D82C}"
EndProject
Global
	GlobalSection(SolutionConfigurationPlatforms) = preSolution
		Debug|Any CPU = Debug|Any CPU
		Release|Any CPU = Release|Any CPU
	EndGlobalSection
	GlobalSection(ProjectConfigurationPlatforms) = postSolution
		{0195CBD7-84A4-4081-8B1D-15F9C5C5D82C}.Debug|Any CPU.ActiveCfg = Debug|Any CPU
		{0195CBD7-84A4-4081-8B1D-15F9C5C5D82C}.Debug|Any CPU.Build.0 = Debug|Any CPU
		{0195CBD7-84A4-4081-8B1D-15F9C5C5D82C}.Release|Any CPU.ActiveCfg = Release|Any CPU
		{0195CBD7-84A4-4081-8B1D-15F9C5C5D82C}.Release|Any CPU.Build.0 = Release|Any CPU
	EndGlobalSection
	GlobalSection(SolutionProperties) = preSolution
		HideSolutionNode = FALSE
	EndGlobalSection
	GlobalSection(ExtensibilityGlobals) = postSolution
		SolutionGuid = {B9EB28D5-E352-4D7A-BCAC-F81180776B27}
	EndGlobalSection
EndGlobal
