
Microsoft Visual Studio Solution File, Format Version 12.00
# Visual Studio Version 16
VisualStudioVersion = 16.0.31729.503
MinimumVisualStudioVersion = 10.0.40219.1
Project("{FAE04EC0-301F-11D3-BF4B-00C04F79EFBC}") = "AddressBookSystem2", "AddressBookSystem2.csproj", "{C56A988E-F6F5-4873-9ABD-E8A01874D58C}"
EndProject
Global
	GlobalSection(SolutionConfigurationPlatforms) = preSolution
		Debug|Any CPU = Debug|Any CPU
		Release|Any CPU = Release|Any CPU
	EndGlobalSection
	GlobalSection(ProjectConfigurationPlatforms) = postSolution
		{C56A988E-F6F5-4873-9ABD-E8A01874D58C}.Debug|Any CPU.ActiveCfg = Debug|Any CPU
		{C56A988E-F6F5-4873-9ABD-E8A01874D58C}.Debug|Any CPU.Build.0 = Debug|Any CPU
		{C56A988E-F6F5-4873-9ABD-E8A01874D58C}.Release|Any CPU.ActiveCfg = Release|Any CPU
		{C56A988E-F6F5-4873-9ABD-E8A01874D58C}.Release|Any CPU.Build.0 = Release|Any CPU
	EndGlobalSection
	GlobalSection(SolutionProperties) = preSolution
		HideSolutionNode = FALSE
	EndGlobalSection
	GlobalSection(ExtensibilityGlobals) = postSolution
		SolutionGuid = {64013862-0157-4038-AC2E-9D5BA3474F0A}
	EndGlobalSection
EndGlobal
