
Microsoft Visual Studio Solution File, Format Version 12.00
# Visual Studio Version 16
VisualStudioVersion = 16.0.31729.503
MinimumVisualStudioVersion = 10.0.40219.1
Project("{FAE04EC0-301F-11D3-BF4B-00C04F79EFBC}") = "AddressBookSystem", "AddressBookSystem.csproj", "{7AD42ACA-C5E7-4DB3-88F4-9A0E870C5E94}"
EndProject
Global
	GlobalSection(SolutionConfigurationPlatforms) = preSolution
		Debug|Any CPU = Debug|Any CPU
		Release|Any CPU = Release|Any CPU
	EndGlobalSection
	GlobalSection(ProjectConfigurationPlatforms) = postSolution
		{7AD42ACA-C5E7-4DB3-88F4-9A0E870C5E94}.Debug|Any CPU.ActiveCfg = Debug|Any CPU
		{7AD42ACA-C5E7-4DB3-88F4-9A0E870C5E94}.Debug|Any CPU.Build.0 = Debug|Any CPU
		{7AD42ACA-C5E7-4DB3-88F4-9A0E870C5E94}.Release|Any CPU.ActiveCfg = Release|Any CPU
		{7AD42ACA-C5E7-4DB3-88F4-9A0E870C5E94}.Release|Any CPU.Build.0 = Release|Any CPU
	EndGlobalSection
	GlobalSection(SolutionProperties) = preSolution
		HideSolutionNode = FALSE
	EndGlobalSection
	GlobalSection(ExtensibilityGlobals) = postSolution
		SolutionGuid = {697F2129-0375-4A31-99A4-976BFD49452F}
	EndGlobalSection
EndGlobal
